
Microsoft Visual Studio Solution File, Format Version 12.00
# Visual Studio Version 17
VisualStudioVersion = 17.6.33801.468
MinimumVisualStudioVersion = 10.0.40219.1
Project("{FAE04EC0-301F-11D3-BF4B-00C04F79EFBC}") = "tickets_cinema", "tickets_cinema\tickets_cinema.csproj", "{BF26E212-5309-4972-8C4E-C246FFF1B837}"
EndProject
Global
	GlobalSection(SolutionConfigurationPlatforms) = preSolution
		Debug|Any CPU = Debug|Any CPU
		Release|Any CPU = Release|Any CPU
	EndGlobalSection
	GlobalSection(ProjectConfigurationPlatforms) = postSolution
		{BF26E212-5309-4972-8C4E-C246FFF1B837}.Debug|Any CPU.ActiveCfg = Debug|Any CPU
		{BF26E212-5309-4972-8C4E-C246FFF1B837}.Debug|Any CPU.Build.0 = Debug|Any CPU
		{BF26E212-5309-4972-8C4E-C246FFF1B837}.Release|Any CPU.ActiveCfg = Release|Any CPU
		{BF26E212-5309-4972-8C4E-C246FFF1B837}.Release|Any CPU.Build.0 = Release|Any CPU
	EndGlobalSection
	GlobalSection(SolutionProperties) = preSolution
		HideSolutionNode = FALSE
	EndGlobalSection
	GlobalSection(ExtensibilityGlobals) = postSolution
		SolutionGuid = {3477CBC0-57E3-497B-8A7E-A609BDFAC073}
	EndGlobalSection
EndGlobal
